
Microsoft Visual Studio Solution File, Format Version 12.00
# Visual Studio Version 17
VisualStudioVersion = 17.12.35527.113
MinimumVisualStudioVersion = 10.0.40219.1
Project("{FAE04EC0-301F-11D3-BF4B-00C04F79EFBC}") = "ExemploWebAppMVC", "ExemploWebAppMVC\ExemploWebAppMVC.csproj", "{D6F8B672-2F49-45C5-8DF9-7C9EF27EB202}"
EndProject
Project("{FAE04EC0-301F-11D3-BF4B-00C04F79EFBC}") = "ExemploWebAPI", "ExemploWebAPI\ExemploWebAPI.csproj", "{5BAB1DE5-5ACF-4879-8C8E-30F3945FFB7D}"
EndProject
Global
	GlobalSection(SolutionConfigurationPlatforms) = preSolution
		Debug|Any CPU = Debug|Any CPU
		Release|Any CPU = Release|Any CPU
	EndGlobalSection
	GlobalSection(ProjectConfigurationPlatforms) = postSolution
		{D6F8B672-2F49-45C5-8DF9-7C9EF27EB202}.Debug|Any CPU.ActiveCfg = Debug|Any CPU
		{D6F8B672-2F49-45C5-8DF9-7C9EF27EB202}.Debug|Any CPU.Build.0 = Debug|Any CPU
		{D6F8B672-2F49-45C5-8DF9-7C9EF27EB202}.Release|Any CPU.ActiveCfg = Release|Any CPU
		{D6F8B672-2F49-45C5-8DF9-7C9EF27EB202}.Release|Any CPU.Build.0 = Release|Any CPU
		{5BAB1DE5-5ACF-4879-8C8E-30F3945FFB7D}.Debug|Any CPU.ActiveCfg = Debug|Any CPU
		{5BAB1DE5-5ACF-4879-8C8E-30F3945FFB7D}.Debug|Any CPU.Build.0 = Debug|Any CPU
		{5BAB1DE5-5ACF-4879-8C8E-30F3945FFB7D}.Release|Any CPU.ActiveCfg = Release|Any CPU
		{5BAB1DE5-5ACF-4879-8C8E-30F3945FFB7D}.Release|Any CPU.Build.0 = Release|Any CPU
	EndGlobalSection
	GlobalSection(SolutionProperties) = preSolution
		HideSolutionNode = FALSE
	EndGlobalSection
EndGlobal
